
Microsoft Visual Studio Solution File, Format Version 12.00
# Visual Studio Version 16
VisualStudioVersion = 16.0.29102.190
MinimumVisualStudioVersion = 10.0.40219.1
Project("{FAE04EC0-301F-11D3-BF4B-00C04F79EFBC}") = "QuickBuy.Dominio", "QuickBuy.Dominio\QuickBuy.Dominio.csproj", "{2D6ED696-2ABE-4356-B418-D8352CE3076F}"
EndProject
Project("{FAE04EC0-301F-11D3-BF4B-00C04F79EFBC}") = "QuickBuy.Repositorio", "QuickBuy.Repositorio\QuickBuy.Repositorio.csproj", "{761C8572-89FF-42B4-A523-49D1021BDDE0}"
EndProject
Project("{FAE04EC0-301F-11D3-BF4B-00C04F79EFBC}") = "QuickBuy.Web", "QuickBuy.Web\QuickBuy.Web.csproj", "{7217908A-1441-4173-9A16-43B88FBC0DDA}"
EndProject
Global
	GlobalSection(SolutionConfigurationPlatforms) = preSolution
		Debug|Any CPU = Debug|Any CPU
		Release|Any CPU = Release|Any CPU
	EndGlobalSection
	GlobalSection(ProjectConfigurationPlatforms) = postSolution
		{2D6ED696-2ABE-4356-B418-D8352CE3076F}.Debug|Any CPU.ActiveCfg = Debug|Any CPU
		{2D6ED696-2ABE-4356-B418-D8352CE3076F}.Debug|Any CPU.Build.0 = Debug|Any CPU
		{2D6ED696-2ABE-4356-B418-D8352CE3076F}.Release|Any CPU.ActiveCfg = Release|Any CPU
		{2D6ED696-2ABE-4356-B418-D8352CE3076F}.Release|Any CPU.Build.0 = Release|Any CPU
		{761C8572-89FF-42B4-A523-49D1021BDDE0}.Debug|Any CPU.ActiveCfg = Debug|Any CPU
		{761C8572-89FF-42B4-A523-49D1021BDDE0}.Debug|Any CPU.Build.0 = Debug|Any CPU
		{761C8572-89FF-42B4-A523-49D1021BDDE0}.Release|Any CPU.ActiveCfg = Release|Any CPU
		{761C8572-89FF-42B4-A523-49D1021BDDE0}.Release|Any CPU.Build.0 = Release|Any CPU
		{7217908A-1441-4173-9A16-43B88FBC0DDA}.Debug|Any CPU.ActiveCfg = Debug|Any CPU
		{7217908A-1441-4173-9A16-43B88FBC0DDA}.Debug|Any CPU.Build.0 = Debug|Any CPU
		{7217908A-1441-4173-9A16-43B88FBC0DDA}.Release|Any CPU.ActiveCfg = Release|Any CPU
		{7217908A-1441-4173-9A16-43B88FBC0DDA}.Release|Any CPU.Build.0 = Release|Any CPU
	EndGlobalSection
	GlobalSection(SolutionProperties) = preSolution
		HideSolutionNode = FALSE
	EndGlobalSection
	GlobalSection(ExtensibilityGlobals) = postSolution
		SolutionGuid = {D2FC588B-A813-4A20-8B13-475A4333E649}
	EndGlobalSection
EndGlobal
